
Microsoft Visual Studio Solution File, Format Version 12.00
# Visual Studio 15
VisualStudioVersion = 15.0.26730.3
MinimumVisualStudioVersion = 10.0.40219.1
Project("{9A19103F-16F7-4668-BE54-9A1E7A4F7556}") = "FormFactory.AspMvc", "FormFactory.AspMvc\FormFactory.AspMvc.csproj", "{D6251FB0-69D2-42C9-8C23-2D7D56EC79BA}"
EndProject
Project("{9A19103F-16F7-4668-BE54-9A1E7A4F7556}") = "FormFactory.AspNetCore.Example", "FormFactory.AspNetCore.Example\FormFactory.AspNetCore.Example.csproj", "{B539800A-2803-4FBC-8385-C9EEA5E28180}"
EndProject
Project("{9A19103F-16F7-4668-BE54-9A1E7A4F7556}") = "FormFactory.AspNetCore", "FormFactory.AspNetCore\FormFactory.AspNetCore.csproj", "{52FF087D-78B3-4929-A0E1-67E6615C1182}"
EndProject
Project("{9A19103F-16F7-4668-BE54-9A1E7A4F7556}") = "FormFactory.Templates", "FormFactory.Templates\FormFactory.Templates.csproj", "{4FFDDBA3-3A11-4087-890F-260F815AF4BC}"
EndProject
Project("{9A19103F-16F7-4668-BE54-9A1E7A4F7556}") = "FormFactory", "FormFactory\FormFactory.csproj", "{BB14651D-5A7E-45F9-8895-8C09D9107232}"
EndProject
Project("{9A19103F-16F7-4668-BE54-9A1E7A4F7556}") = "FormFactory.Standalone", "FormFactory.Standalone\FormFactory.Standalone.csproj", "{75D94395-0E77-49CB-8112-65D75574D5EB}"
EndProject
Project("{FAE04EC0-301F-11D3-BF4B-00C04F79EFBC}") = "FormFactory.AspMvc.Example", "FormFactory.AspMvc.Example\FormFactory.AspMvc.Example.csproj", "{A7D3D0F6-3CD9-490A-8053-AAF7F72D81AF}"
EndProject
Project("{9A19103F-16F7-4668-BE54-9A1E7A4F7556}") = "FormFactory.Tests", "FormFactory.Tests\FormFactory.Tests.csproj", "{F1D248E9-A429-4C88-BBBB-F6357B95E98B}"
EndProject
Project("{9A19103F-16F7-4668-BE54-9A1E7A4F7556}") = "FormFactory.CoreConsoleTest", "FormFactory.CoreConsoleTest\FormFactory.CoreConsoleTest.csproj", "{499EC561-0123-4644-B1A9-2D9CE600C2B2}"
EndProject
Project("{FAE04EC0-301F-11D3-BF4B-00C04F79EFBC}") = "FormFactory.ConsoleTest", "FormFactory.ConsoleTest\FormFactory.ConsoleTest.csproj", "{AA30F1B6-C29E-4033-895A-6AC980036D17}"
EndProject
Global
	GlobalSection(SolutionConfigurationPlatforms) = preSolution
		Debug|Any CPU = Debug|Any CPU
		Release|Any CPU = Release|Any CPU
	EndGlobalSection
	GlobalSection(ProjectConfigurationPlatforms) = postSolution
		{D6251FB0-69D2-42C9-8C23-2D7D56EC79BA}.Debug|Any CPU.ActiveCfg = Debug|Any CPU
		{D6251FB0-69D2-42C9-8C23-2D7D56EC79BA}.Debug|Any CPU.Build.0 = Debug|Any CPU
		{D6251FB0-69D2-42C9-8C23-2D7D56EC79BA}.Release|Any CPU.ActiveCfg = Release|Any CPU
		{D6251FB0-69D2-42C9-8C23-2D7D56EC79BA}.Release|Any CPU.Build.0 = Release|Any CPU
		{B539800A-2803-4FBC-8385-C9EEA5E28180}.Debug|Any CPU.ActiveCfg = Debug|Any CPU
		{B539800A-2803-4FBC-8385-C9EEA5E28180}.Debug|Any CPU.Build.0 = Debug|Any CPU
		{B539800A-2803-4FBC-8385-C9EEA5E28180}.Release|Any CPU.ActiveCfg = Release|Any CPU
		{B539800A-2803-4FBC-8385-C9EEA5E28180}.Release|Any CPU.Build.0 = Release|Any CPU
		{52FF087D-78B3-4929-A0E1-67E6615C1182}.Debug|Any CPU.ActiveCfg = Debug|Any CPU
		{52FF087D-78B3-4929-A0E1-67E6615C1182}.Debug|Any CPU.Build.0 = Debug|Any CPU
		{52FF087D-78B3-4929-A0E1-67E6615C1182}.Release|Any CPU.ActiveCfg = Release|Any CPU
		{52FF087D-78B3-4929-A0E1-67E6615C1182}.Release|Any CPU.Build.0 = Release|Any CPU
		{4FFDDBA3-3A11-4087-890F-260F815AF4BC}.Debug|Any CPU.ActiveCfg = Debug|Any CPU
		{4FFDDBA3-3A11-4087-890F-260F815AF4BC}.Debug|Any CPU.Build.0 = Debug|Any CPU
		{4FFDDBA3-3A11-4087-890F-260F815AF4BC}.Release|Any CPU.ActiveCfg = Release|Any CPU
		{4FFDDBA3-3A11-4087-890F-260F815AF4BC}.Release|Any CPU.Build.0 = Release|Any CPU
		{BB14651D-5A7E-45F9-8895-8C09D9107232}.Debug|Any CPU.ActiveCfg = Debug|Any CPU
		{BB14651D-5A7E-45F9-8895-8C09D9107232}.Debug|Any CPU.Build.0 = Debug|Any CPU
		{BB14651D-5A7E-45F9-8895-8C09D9107232}.Release|Any CPU.ActiveCfg = Release|Any CPU
		{BB14651D-5A7E-45F9-8895-8C09D9107232}.Release|Any CPU.Build.0 = Release|Any CPU
		{75D94395-0E77-49CB-8112-65D75574D5EB}.Debug|Any CPU.ActiveCfg = Debug|Any CPU
		{75D94395-0E77-49CB-8112-65D75574D5EB}.Debug|Any CPU.Build.0 = Debug|Any CPU
		{75D94395-0E77-49CB-8112-65D75574D5EB}.Release|Any CPU.ActiveCfg = Release|Any CPU
		{75D94395-0E77-49CB-8112-65D75574D5EB}.Release|Any CPU.Build.0 = Release|Any CPU
		{A7D3D0F6-3CD9-490A-8053-AAF7F72D81AF}.Debug|Any CPU.ActiveCfg = Debug|Any CPU
		{A7D3D0F6-3CD9-490A-8053-AAF7F72D81AF}.Debug|Any CPU.Build.0 = Debug|Any CPU
		{A7D3D0F6-3CD9-490A-8053-AAF7F72D81AF}.Release|Any CPU.ActiveCfg = Release|Any CPU
		{A7D3D0F6-3CD9-490A-8053-AAF7F72D81AF}.Release|Any CPU.Build.0 = Release|Any CPU
		{F1D248E9-A429-4C88-BBBB-F6357B95E98B}.Debug|Any CPU.ActiveCfg = Debug|Any CPU
		{F1D248E9-A429-4C88-BBBB-F6357B95E98B}.Debug|Any CPU.Build.0 = Debug|Any CPU
		{F1D248E9-A429-4C88-BBBB-F6357B95E98B}.Release|Any CPU.ActiveCfg = Release|Any CPU
		{F1D248E9-A429-4C88-BBBB-F6357B95E98B}.Release|Any CPU.Build.0 = Release|Any CPU
		{499EC561-0123-4644-B1A9-2D9CE600C2B2}.Debug|Any CPU.ActiveCfg = Debug|Any CPU
		{499EC561-0123-4644-B1A9-2D9CE600C2B2}.Debug|Any CPU.Build.0 = Debug|Any CPU
		{499EC561-0123-4644-B1A9-2D9CE600C2B2}.Release|Any CPU.ActiveCfg = Release|Any CPU
		{499EC561-0123-4644-B1A9-2D9CE600C2B2}.Release|Any CPU.Build.0 = Release|Any CPU
		{AA30F1B6-C29E-4033-895A-6AC980036D17}.Debug|Any CPU.ActiveCfg = Debug|Any CPU
		{AA30F1B6-C29E-4033-895A-6AC980036D17}.Debug|Any CPU.Build.0 = Debug|Any CPU
		{AA30F1B6-C29E-4033-895A-6AC980036D17}.Release|Any CPU.ActiveCfg = Release|Any CPU
		{AA30F1B6-C29E-4033-895A-6AC980036D17}.Release|Any CPU.Build.0 = Release|Any CPU
	EndGlobalSection
	GlobalSection(SolutionProperties) = preSolution
		HideSolutionNode = FALSE
	EndGlobalSection
	GlobalSection(ExtensibilityGlobals) = postSolution
		SolutionGuid = {3A37FF07-6233-4E41-BFD4-75BDD2F8B2FD}
	EndGlobalSection
EndGlobal
